// !$*UTF8*$!
{
	archiveVersion = 1;
	classes = {
	};
	objectVersion = 55;
	objects = {

/* Begin PBXBuildFile section */
		83C8A2B9C13B6D75C9234B85 /* Pods_emailpasslogin.framework in Frameworks */ = {isa = PBXBuildFile; fileRef = 94A6CFA92959A336C0E97156 /* Pods_emailpasslogin.framework */; };
		9D1828762822CCBE0082188B /* PlaceDetailsViewController.swift in Sources */ = {isa = PBXBuildFile; fileRef = 9D1828752822CCBE0082188B /* PlaceDetailsViewController.swift */; };
		9D18287C28256A7A0082188B /* PlaceSummary.swift in Sources */ = {isa = PBXBuildFile; fileRef = 9D18287B28256A7A0082188B /* PlaceSummary.swift */; };
		9D18287F28256AD10082188B /* PlaceDetails.swift in Sources */ = {isa = PBXBuildFile; fileRef = 9D18287E28256AD10082188B /* PlaceDetails.swift */; };
		9D75A5A728103A9500B828F9 /* GoogleService-Info.plist in Resources */ = {isa = PBXBuildFile; fileRef = 9D75A5A628103A9500B828F9 /* GoogleService-Info.plist */; };
		9D8C3038281C695600704643 /* HomeViewController.swift in Sources */ = {isa = PBXBuildFile; fileRef = 9D8C3037281C695600704643 /* HomeViewController.swift */; };
		9D8C303C281D685500704643 /* TabBarController.swift in Sources */ = {isa = PBXBuildFile; fileRef = 9D8C303B281D685500704643 /* TabBarController.swift */; };
		9D8C303E281D688700704643 /* SearchViewController.swift in Sources */ = {isa = PBXBuildFile; fileRef = 9D8C303D281D688700704643 /* SearchViewController.swift */; };
		9D8C3040281D689400704643 /* FavoriteViewController.swift in Sources */ = {isa = PBXBuildFile; fileRef = 9D8C303F281D689400704643 /* FavoriteViewController.swift */; };
		9D8C3042281D68A000704643 /* SettingsViewController.swift in Sources */ = {isa = PBXBuildFile; fileRef = 9D8C3041281D68A000704643 /* SettingsViewController.swift */; };
		9D8C3044281D68C000704643 /* ProfileViewController.swift in Sources */ = {isa = PBXBuildFile; fileRef = 9D8C3043281D68C000704643 /* ProfileViewController.swift */; };
		9DBEB7C92829CE9B00F058D7 /* AccountInformationViewController.swift in Sources */ = {isa = PBXBuildFile; fileRef = 9DBEB7C82829CE9B00F058D7 /* AccountInformationViewController.swift */; };
		9DC250272805AE40008EDFDD /* AppDelegate.swift in Sources */ = {isa = PBXBuildFile; fileRef = 9DC250262805AE40008EDFDD /* AppDelegate.swift */; };
		9DC250292805AE40008EDFDD /* SceneDelegate.swift in Sources */ = {isa = PBXBuildFile; fileRef = 9DC250282805AE40008EDFDD /* SceneDelegate.swift */; };
		9DC2502B2805AE40008EDFDD /* LoginViewController.swift in Sources */ = {isa = PBXBuildFile; fileRef = 9DC2502A2805AE40008EDFDD /* LoginViewController.swift */; };
		9DC2502E2805AE40008EDFDD /* Main.storyboard in Resources */ = {isa = PBXBuildFile; fileRef = 9DC2502C2805AE40008EDFDD /* Main.storyboard */; };
		9DC250302805AE42008EDFDD /* Assets.xcassets in Resources */ = {isa = PBXBuildFile; fileRef = 9DC2502F2805AE42008EDFDD /* Assets.xcassets */; };
		9DC250332805AE42008EDFDD /* LaunchScreen.storyboard in Resources */ = {isa = PBXBuildFile; fileRef = 9DC250312805AE42008EDFDD /* LaunchScreen.storyboard */; };
		9DF26829282056B20076220E /* ResultsViewController.swift in Sources */ = {isa = PBXBuildFile; fileRef = 9DF26828282056B20076220E /* ResultsViewController.swift */; };
		9DF2682B282069C60076220E /* GooglePlacesManager.swift in Sources */ = {isa = PBXBuildFile; fileRef = 9DF2682A282069C60076220E /* GooglePlacesManager.swift */; };
/* End PBXBuildFile section */

/* Begin PBXFileReference section */
		404F90E570DDA6E81FDFDB24 /* Pods-emailpasslogin.release.xcconfig */ = {isa = PBXFileReference; includeInIndex = 1; lastKnownFileType = text.xcconfig; name = "Pods-emailpasslogin.release.xcconfig"; path = "Target Support Files/Pods-emailpasslogin/Pods-emailpasslogin.release.xcconfig"; sourceTree = "<group>"; };
		94A6CFA92959A336C0E97156 /* Pods_emailpasslogin.framework */ = {isa = PBXFileReference; explicitFileType = wrapper.framework; includeInIndex = 0; path = Pods_emailpasslogin.framework; sourceTree = BUILT_PRODUCTS_DIR; };
		9D1828752822CCBE0082188B /* PlaceDetailsViewController.swift */ = {isa = PBXFileReference; lastKnownFileType = sourcecode.swift; path = PlaceDetailsViewController.swift; sourceTree = "<group>"; };
		9D18287B28256A7A0082188B /* PlaceSummary.swift */ = {isa = PBXFileReference; lastKnownFileType = sourcecode.swift; path = PlaceSummary.swift; sourceTree = "<group>"; };
		9D18287E28256AD10082188B /* PlaceDetails.swift */ = {isa = PBXFileReference; lastKnownFileType = sourcecode.swift; path = PlaceDetails.swift; sourceTree = "<group>"; };
		9D4C57E1281F02C500FBDFBF /* emailpasslogin.app */ = {isa = PBXFileReference; explicitFileType = wrapper.application; includeInIndex = 0; path = emailpasslogin.app; sourceTree = BUILT_PRODUCTS_DIR; };
		9D75A5A628103A9500B828F9 /* GoogleService-Info.plist */ = {isa = PBXFileReference; fileEncoding = 4; lastKnownFileType = text.plist.xml; path = "GoogleService-Info.plist"; sourceTree = "<group>"; };
		9D8C3037281C695600704643 /* HomeViewController.swift */ = {isa = PBXFileReference; lastKnownFileType = sourcecode.swift; path = HomeViewController.swift; sourceTree = "<group>"; };
		9D8C303B281D685500704643 /* TabBarController.swift */ = {isa = PBXFileReference; lastKnownFileType = sourcecode.swift; path = TabBarController.swift; sourceTree = "<group>"; };
		9D8C303D281D688700704643 /* SearchViewController.swift */ = {isa = PBXFileReference; lastKnownFileType = sourcecode.swift; path = SearchViewController.swift; sourceTree = "<group>"; };
		9D8C303F281D689400704643 /* FavoriteViewController.swift */ = {isa = PBXFileReference; lastKnownFileType = sourcecode.swift; path = FavoriteViewController.swift; sourceTree = "<group>"; };
		9D8C3041281D68A000704643 /* SettingsViewController.swift */ = {isa = PBXFileReference; lastKnownFileType = sourcecode.swift; path = SettingsViewController.swift; sourceTree = "<group>"; };
		9D8C3043281D68C000704643 /* ProfileViewController.swift */ = {isa = PBXFileReference; lastKnownFileType = sourcecode.swift; path = ProfileViewController.swift; sourceTree = "<group>"; };
		9DBEB7C82829CE9B00F058D7 /* AccountInformationViewController.swift */ = {isa = PBXFileReference; lastKnownFileType = sourcecode.swift; path = AccountInformationViewController.swift; sourceTree = "<group>"; };
		9DC250262805AE40008EDFDD /* AppDelegate.swift */ = {isa = PBXFileReference; lastKnownFileType = sourcecode.swift; path = AppDelegate.swift; sourceTree = "<group>"; };
		9DC250282805AE40008EDFDD /* SceneDelegate.swift */ = {isa = PBXFileReference; lastKnownFileType = sourcecode.swift; path = SceneDelegate.swift; sourceTree = "<group>"; };
		9DC2502A2805AE40008EDFDD /* LoginViewController.swift */ = {isa = PBXFileReference; lastKnownFileType = sourcecode.swift; path = LoginViewController.swift; sourceTree = "<group>"; };
		9DC2502D2805AE40008EDFDD /* Base */ = {isa = PBXFileReference; lastKnownFileType = file.storyboard; name = Base; path = Base.lproj/Main.storyboard; sourceTree = "<group>"; };
		9DC2502F2805AE42008EDFDD /* Assets.xcassets */ = {isa = PBXFileReference; lastKnownFileType = folder.assetcatalog; path = Assets.xcassets; sourceTree = "<group>"; };
		9DC250322805AE42008EDFDD /* Base */ = {isa = PBXFileReference; lastKnownFileType = file.storyboard; name = Base; path = Base.lproj/LaunchScreen.storyboard; sourceTree = "<group>"; };
		9DC250342805AE42008EDFDD /* Info.plist */ = {isa = PBXFileReference; lastKnownFileType = text.plist.xml; path = Info.plist; sourceTree = "<group>"; };
		9DF26828282056B20076220E /* ResultsViewController.swift */ = {isa = PBXFileReference; lastKnownFileType = sourcecode.swift; path = ResultsViewController.swift; sourceTree = "<group>"; };
		9DF2682A282069C60076220E /* GooglePlacesManager.swift */ = {isa = PBXFileReference; lastKnownFileType = sourcecode.swift; path = GooglePlacesManager.swift; sourceTree = "<group>"; };
		B2F42C0E26042104C07FC32E /* Pods-emailpasslogin.debug.xcconfig */ = {isa = PBXFileReference; includeInIndex = 1; lastKnownFileType = text.xcconfig; name = "Pods-emailpasslogin.debug.xcconfig"; path = "Target Support Files/Pods-emailpasslogin/Pods-emailpasslogin.debug.xcconfig"; sourceTree = "<group>"; };
/* End PBXFileReference section */

/* Begin PBXFrameworksBuildPhase section */
		9DC250202805AE40008EDFDD /* Frameworks */ = {
			isa = PBXFrameworksBuildPhase;
			buildActionMask = 2147483647;
			files = (
				83C8A2B9C13B6D75C9234B85 /* Pods_emailpasslogin.framework in Frameworks */,
			);
			runOnlyForDeploymentPostprocessing = 0;
		};
/* End PBXFrameworksBuildPhase section */

/* Begin PBXGroup section */
		92BC9C155578F95966052773 /* Frameworks */ = {
			isa = PBXGroup;
			children = (
				94A6CFA92959A336C0E97156 /* Pods_emailpasslogin.framework */,
			);
			name = Frameworks;
			sourceTree = "<group>";
		};
		9D18287D28256AB80082188B /* Models */ = {
			isa = PBXGroup;
			children = (
				9D18287B28256A7A0082188B /* PlaceSummary.swift */,
				9D18287E28256AD10082188B /* PlaceDetails.swift */,
			);
			path = Models;
			sourceTree = "<group>";
		};
		9D1828802825763D0082188B /* Search */ = {
			isa = PBXGroup;
			children = (
				9D8C303D281D688700704643 /* SearchViewController.swift */,
				9DF26828282056B20076220E /* ResultsViewController.swift */,
				9D1828752822CCBE0082188B /* PlaceDetailsViewController.swift */,
			);
			path = Search;
			sourceTree = "<group>";
		};
		9DC2501A2805AE40008EDFDD = {
			isa = PBXGroup;
			children = (
				9DC250252805AE40008EDFDD /* emailpasslogin */,
				9D4C57E1281F02C500FBDFBF /* emailpasslogin.app */,
				D5F19031BF36AAA6A39344D8 /* Pods */,
				92BC9C155578F95966052773 /* Frameworks */,
			);
			sourceTree = "<group>";
		};
		9DC250252805AE40008EDFDD /* emailpasslogin */ = {
			isa = PBXGroup;
			children = (
				9DC250262805AE40008EDFDD /* AppDelegate.swift */,
				9DC250282805AE40008EDFDD /* SceneDelegate.swift */,
				9DC2502A2805AE40008EDFDD /* LoginViewController.swift */,
				9D8C3037281C695600704643 /* HomeViewController.swift */,
				9D1828802825763D0082188B /* Search */,
				9D8C303F281D689400704643 /* FavoriteViewController.swift */,
				9D8C3043281D68C000704643 /* ProfileViewController.swift */,
				9DBEB7C82829CE9B00F058D7 /* AccountInformationViewController.swift */,
				9D8C3041281D68A000704643 /* SettingsViewController.swift */,
				9D8C303B281D685500704643 /* TabBarController.swift */,
				9DF2682A282069C60076220E /* GooglePlacesManager.swift */,
				9D18287D28256AB80082188B /* Models */,
				9DC2502C2805AE40008EDFDD /* Main.storyboard */,
				9DC2502F2805AE42008EDFDD /* Assets.xcassets */,
				9DC250312805AE42008EDFDD /* LaunchScreen.storyboard */,
				9D75A5A628103A9500B828F9 /* GoogleService-Info.plist */,
				9DC250342805AE42008EDFDD /* Info.plist */,
			);
			path = emailpasslogin;
			sourceTree = "<group>";
		};
		D5F19031BF36AAA6A39344D8 /* Pods */ = {
			isa = PBXGroup;
			children = (
				B2F42C0E26042104C07FC32E /* Pods-emailpasslogin.debug.xcconfig */,
				404F90E570DDA6E81FDFDB24 /* Pods-emailpasslogin.release.xcconfig */,
			);
			path = Pods;
			sourceTree = "<group>";
		};
/* End PBXGroup section */

/* Begin PBXNativeTarget section */
		9DC250222805AE40008EDFDD /* emailpasslogin */ = {
			isa = PBXNativeTarget;
			buildConfigurationList = 9DC250372805AE42008EDFDD /* Build configuration list for PBXNativeTarget "emailpasslogin" */;
			buildPhases = (
				3EBA2B6DD9EC08581CB28B89 /* [CP] Check Pods Manifest.lock */,
				9DC2501F2805AE40008EDFDD /* Sources */,
				9DC250202805AE40008EDFDD /* Frameworks */,
				9DC250212805AE40008EDFDD /* Resources */,
				AB1E95FC4ACE1EB31A3C16DE /* [CP] Embed Pods Frameworks */,
				79DA61430C24AB8279156C5E /* [CP] Copy Pods Resources */,
			);
			buildRules = (
			);
			dependencies = (
			);
			name = emailpasslogin;
			productName = emailpasslogin;
			productReference = 9D4C57E1281F02C500FBDFBF /* emailpasslogin.app */;
			productType = "com.apple.product-type.application";
		};
/* End PBXNativeTarget section */

/* Begin PBXProject section */
		9DC2501B2805AE40008EDFDD /* Project object */ = {
			isa = PBXProject;
			attributes = {
				BuildIndependentTargetsInParallel = 1;
				LastSwiftUpdateCheck = 1330;
				LastUpgradeCheck = 1330;
				TargetAttributes = {
					9DC250222805AE40008EDFDD = {
						CreatedOnToolsVersion = 13.3.1;
					};
				};
			};
			buildConfigurationList = 9DC2501E2805AE40008EDFDD /* Build configuration list for PBXProject "emailpasslogin" */;
			compatibilityVersion = "Xcode 13.0";
			developmentRegion = en;
			hasScannedForEncodings = 0;
			knownRegions = (
				en,
				Base,
			);
			mainGroup = 9DC2501A2805AE40008EDFDD;
			productRefGroup = 9DC2501A2805AE40008EDFDD;
			projectDirPath = "";
			projectRoot = "";
			targets = (
				9DC250222805AE40008EDFDD /* emailpasslogin */,
			);
		};
/* End PBXProject section */

/* Begin PBXResourcesBuildPhase section */
		9DC250212805AE40008EDFDD /* Resources */ = {
			isa = PBXResourcesBuildPhase;
			buildActionMask = 2147483647;
			files = (
				9DC250332805AE42008EDFDD /* LaunchScreen.storyboard in Resources */,
				9D75A5A728103A9500B828F9 /* GoogleService-Info.plist in Resources */,
				9DC250302805AE42008EDFDD /* Assets.xcassets in Resources */,
				9DC2502E2805AE40008EDFDD /* Main.storyboard in Resources */,
			);
			runOnlyForDeploymentPostprocessing = 0;
		};
/* End PBXResourcesBuildPhase section */

/* Begin PBXShellScriptBuildPhase section */
		3EBA2B6DD9EC08581CB28B89 /* [CP] Check Pods Manifest.lock */ = {
			isa = PBXShellScriptBuildPhase;
			buildActionMask = 2147483647;
			files = (
			);
			inputFileListPaths = (
			);
			inputPaths = (
				"${PODS_PODFILE_DIR_PATH}/Podfile.lock",
				"${PODS_ROOT}/Manifest.lock",
			);
			name = "[CP] Check Pods Manifest.lock";
			outputFileListPaths = (
			);
			outputPaths = (
				"$(DERIVED_FILE_DIR)/Pods-emailpasslogin-checkManifestLockResult.txt",
			);
			runOnlyForDeploymentPostprocessing = 0;
			shellPath = /bin/sh;
			shellScript = "diff \"${PODS_PODFILE_DIR_PATH}/Podfile.lock\" \"${PODS_ROOT}/Manifest.lock\" > /dev/null\nif [ $? != 0 ] ; then\n    # print error to STDERR\n    echo \"error: The sandbox is not in sync with the Podfile.lock. Run 'pod install' or update your CocoaPods installation.\" >&2\n    exit 1\nfi\n# This output is used by Xcode 'outputs' to avoid re-running this script phase.\necho \"SUCCESS\" > \"${SCRIPT_OUTPUT_FILE_0}\"\n";
			showEnvVarsInLog = 0;
		};
		79DA61430C24AB8279156C5E /* [CP] Copy Pods Resources */ = {
			isa = PBXShellScriptBuildPhase;
			buildActionMask = 2147483647;
			files = (
			);
			inputFileListPaths = (
				"${PODS_ROOT}/Target Support Files/Pods-emailpasslogin/Pods-emailpasslogin-resources-${CONFIGURATION}-input-files.xcfilelist",
			);
			name = "[CP] Copy Pods Resources";
			outputFileListPaths = (
				"${PODS_ROOT}/Target Support Files/Pods-emailpasslogin/Pods-emailpasslogin-resources-${CONFIGURATION}-output-files.xcfilelist",
			);
			runOnlyForDeploymentPostprocessing = 0;
			shellPath = /bin/sh;
			shellScript = "\"${PODS_ROOT}/Target Support Files/Pods-emailpasslogin/Pods-emailpasslogin-resources.sh\"\n";
			showEnvVarsInLog = 0;
		};
		AB1E95FC4ACE1EB31A3C16DE /* [CP] Embed Pods Frameworks */ = {
			isa = PBXShellScriptBuildPhase;
			buildActionMask = 2147483647;
			files = (
			);
			inputFileListPaths = (
				"${PODS_ROOT}/Target Support Files/Pods-emailpasslogin/Pods-emailpasslogin-frameworks-${CONFIGURATION}-input-files.xcfilelist",
			);
			name = "[CP] Embed Pods Frameworks";
			outputFileListPaths = (
				"${PODS_ROOT}/Target Support Files/Pods-emailpasslogin/Pods-emailpasslogin-frameworks-${CONFIGURATION}-output-files.xcfilelist",
			);
			runOnlyForDeploymentPostprocessing = 0;
			shellPath = /bin/sh;
			shellScript = "\"${PODS_ROOT}/Target Support Files/Pods-emailpasslogin/Pods-emailpasslogin-frameworks.sh\"\n";
			showEnvVarsInLog = 0;
		};
/* End PBXShellScriptBuildPhase section */

/* Begin PBXSourcesBuildPhase section */
		9DC2501F2805AE40008EDFDD /* Sources */ = {
			isa = PBXSourcesBuildPhase;
			buildActionMask = 2147483647;
			files = (
				9D8C303E281D688700704643 /* SearchViewController.swift in Sources */,
				9DF2682B282069C60076220E /* GooglePlacesManager.swift in Sources */,
				9DBEB7C92829CE9B00F058D7 /* AccountInformationViewController.swift in Sources */,
				9DC2502B2805AE40008EDFDD /* LoginViewController.swift in Sources */,
				9D18287C28256A7A0082188B /* PlaceSummary.swift in Sources */,
				9D8C3042281D68A000704643 /* SettingsViewController.swift in Sources */,
				9DF26829282056B20076220E /* ResultsViewController.swift in Sources */,
				9DC250272805AE40008EDFDD /* AppDelegate.swift in Sources */,
				9D1828762822CCBE0082188B /* PlaceDetailsViewController.swift in Sources */,
				9DC250292805AE40008EDFDD /* SceneDelegate.swift in Sources */,
				9D8C303C281D685500704643 /* TabBarController.swift in Sources */,
				9D18287F28256AD10082188B /* PlaceDetails.swift in Sources */,
				9D8C3038281C695600704643 /* HomeViewController.swift in Sources */,
				9D8C3040281D689400704643 /* FavoriteViewController.swift in Sources */,
				9D8C3044281D68C000704643 /* ProfileViewController.swift in Sources */,
			);
			runOnlyForDeploymentPostprocessing = 0;
		};
/* End PBXSourcesBuildPhase section */

/* Begin PBXVariantGroup section */
		9DC2502C2805AE40008EDFDD /* Main.storyboard */ = {
			isa = PBXVariantGroup;
			children = (
				9DC2502D2805AE40008EDFDD /* Base */,
			);
			name = Main.storyboard;
			sourceTree = "<group>";
		};
		9DC250312805AE42008EDFDD /* LaunchScreen.storyboard */ = {
			isa = PBXVariantGroup;
			children = (
				9DC250322805AE42008EDFDD /* Base */,
			);
			name = LaunchScreen.storyboard;
			sourceTree = "<group>";
		};
/* End PBXVariantGroup section */

/* Begin XCBuildConfiguration section */
		9DC250352805AE42008EDFDD /* Debug */ = {
			isa = XCBuildConfiguration;
			buildSettings = {
				ALWAYS_SEARCH_USER_PATHS = NO;
				CLANG_ANALYZER_NONNULL = YES;
				CLANG_ANALYZER_NUMBER_OBJECT_CONVERSION = YES_AGGRESSIVE;
				CLANG_CXX_LANGUAGE_STANDARD = "gnu++17";
				CLANG_ENABLE_MODULES = YES;
				CLANG_ENABLE_OBJC_ARC = YES;
				CLANG_ENABLE_OBJC_WEAK = YES;
				CLANG_WARN_BLOCK_CAPTURE_AUTORELEASING = YES;
				CLANG_WARN_BOOL_CONVERSION = YES;
				CLANG_WARN_COMMA = YES;
				CLANG_WARN_CONSTANT_CONVERSION = YES;
				CLANG_WARN_DEPRECATED_OBJC_IMPLEMENTATIONS = YES;
				CLANG_WARN_DIRECT_OBJC_ISA_USAGE = YES_ERROR;
				CLANG_WARN_DOCUMENTATION_COMMENTS = YES;
				CLANG_WARN_EMPTY_BODY = YES;
				CLANG_WARN_ENUM_CONVERSION = YES;
				CLANG_WARN_INFINITE_RECURSION = YES;
				CLANG_WARN_INT_CONVERSION = YES;
				CLANG_WARN_NON_LITERAL_NULL_CONVERSION = YES;
				CLANG_WARN_OBJC_IMPLICIT_RETAIN_SELF = YES;
				CLANG_WARN_OBJC_LITERAL_CONVERSION = YES;
				CLANG_WARN_OBJC_ROOT_CLASS = YES_ERROR;
				CLANG_WARN_QUOTED_INCLUDE_IN_FRAMEWORK_HEADER = YES;
				CLANG_WARN_RANGE_LOOP_ANALYSIS = YES;
				CLANG_WARN_STRICT_PROTOTYPES = YES;
				CLANG_WARN_SUSPICIOUS_MOVE = YES;
				CLANG_WARN_UNGUARDED_AVAILABILITY = YES_AGGRESSIVE;
				CLANG_WARN_UNREACHABLE_CODE = YES;
				CLANG_WARN__DUPLICATE_METHOD_MATCH = YES;
				COPY_PHASE_STRIP = NO;
				DEBUG_INFORMATION_FORMAT = dwarf;
				ENABLE_STRICT_OBJC_MSGSEND = YES;
				ENABLE_TESTABILITY = YES;
				GCC_C_LANGUAGE_STANDARD = gnu11;
				GCC_DYNAMIC_NO_PIC = NO;
				GCC_NO_COMMON_BLOCKS = YES;
				GCC_OPTIMIZATION_LEVEL = 0;
				GCC_PREPROCESSOR_DEFINITIONS = (
					"DEBUG=1",
					"$(inherited)",
				);
				GCC_WARN_64_TO_32_BIT_CONVERSION = YES;
				GCC_WARN_ABOUT_RETURN_TYPE = YES_ERROR;
				GCC_WARN_UNDECLARED_SELECTOR = YES;
				GCC_WARN_UNINITIALIZED_AUTOS = YES_AGGRESSIVE;
				GCC_WARN_UNUSED_FUNCTION = YES;
				GCC_WARN_UNUSED_VARIABLE = YES;
				IPHONEOS_DEPLOYMENT_TARGET = 15.4;
				MTL_ENABLE_DEBUG_INFO = INCLUDE_SOURCE;
				MTL_FAST_MATH = YES;
				ONLY_ACTIVE_ARCH = YES;
				SDKROOT = iphoneos;
				SWIFT_ACTIVE_COMPILATION_CONDITIONS = DEBUG;
				SWIFT_OPTIMIZATION_LEVEL = "-Onone";
			};
			name = Debug;
		};
		9DC250362805AE42008EDFDD /* Release */ = {
			isa = XCBuildConfiguration;
			buildSettings = {
				ALWAYS_SEARCH_USER_PATHS = NO;
				CLANG_ANALYZER_NONNULL = YES;
				CLANG_ANALYZER_NUMBER_OBJECT_CONVERSION = YES_AGGRESSIVE;
				CLANG_CXX_LANGUAGE_STANDARD = "gnu++17";
				CLANG_ENABLE_MODULES = YES;
				CLANG_ENABLE_OBJC_ARC = YES;
				CLANG_ENABLE_OBJC_WEAK = YES;
				CLANG_WARN_BLOCK_CAPTURE_AUTORELEASING = YES;
				CLANG_WARN_BOOL_CONVERSION = YES;
				CLANG_WARN_COMMA = YES;
				CLANG_WARN_CONSTANT_CONVERSION = YES;
				CLANG_WARN_DEPRECATED_OBJC_IMPLEMENTATIONS = YES;
				CLANG_WARN_DIRECT_OBJC_ISA_USAGE = YES_ERROR;
				CLANG_WARN_DOCUMENTATION_COMMENTS = YES;
				CLANG_WARN_EMPTY_BODY = YES;
				CLANG_WARN_ENUM_CONVERSION = YES;
				CLANG_WARN_INFINITE_RECURSION = YES;
				CLANG_WARN_INT_CONVERSION = YES;
				CLANG_WARN_NON_LITERAL_NULL_CONVERSION = YES;
				CLANG_WARN_OBJC_IMPLICIT_RETAIN_SELF = YES;
				CLANG_WARN_OBJC_LITERAL_CONVERSION = YES;
				CLANG_WARN_OBJC_ROOT_CLASS = YES_ERROR;
				CLANG_WARN_QUOTED_INCLUDE_IN_FRAMEWORK_HEADER = YES;
				CLANG_WARN_RANGE_LOOP_ANALYSIS = YES;
				CLANG_WARN_STRICT_PROTOTYPES = YES;
				CLANG_WARN_SUSPICIOUS_MOVE = YES;
				CLANG_WARN_UNGUARDED_AVAILABILITY = YES_AGGRESSIVE;
				CLANG_WARN_UNREACHABLE_CODE = YES;
				CLANG_WARN__DUPLICATE_METHOD_MATCH = YES;
				COPY_PHASE_STRIP = NO;
				DEBUG_INFORMATION_FORMAT = "dwarf-with-dsym";
				ENABLE_NS_ASSERTIONS = NO;
				ENABLE_STRICT_OBJC_MSGSEND = YES;
				GCC_C_LANGUAGE_STANDARD = gnu11;
				GCC_NO_COMMON_BLOCKS = YES;
				GCC_WARN_64_TO_32_BIT_CONVERSION = YES;
				GCC_WARN_ABOUT_RETURN_TYPE = YES_ERROR;
				GCC_WARN_UNDECLARED_SELECTOR = YES;
				GCC_WARN_UNINITIALIZED_AUTOS = YES_AGGRESSIVE;
				GCC_WARN_UNUSED_FUNCTION = YES;
				GCC_WARN_UNUSED_VARIABLE = YES;
				IPHONEOS_DEPLOYMENT_TARGET = 15.4;
				MTL_ENABLE_DEBUG_INFO = NO;
				MTL_FAST_MATH = YES;
				SDKROOT = iphoneos;
				SWIFT_COMPILATION_MODE = wholemodule;
				SWIFT_OPTIMIZATION_LEVEL = "-O";
				VALIDATE_PRODUCT = YES;
			};
			name = Release;
		};
		9DC250382805AE42008EDFDD /* Debug */ = {
			isa = XCBuildConfiguration;
			baseConfigurationReference = B2F42C0E26042104C07FC32E /* Pods-emailpasslogin.debug.xcconfig */;
			buildSettings = {
				ASSETCATALOG_COMPILER_APPICON_NAME = AppIcon;
				ASSETCATALOG_COMPILER_GLOBAL_ACCENT_COLOR_NAME = AccentColor;
				CODE_SIGN_STYLE = Automatic;
				CURRENT_PROJECT_VERSION = 1;
				DEVELOPMENT_TEAM = 95X8D63F3T;
				GENERATE_INFOPLIST_FILE = YES;
				INFOPLIST_FILE = emailpasslogin/Info.plist;
				INFOPLIST_KEY_UIApplicationSupportsIndirectInputEvents = YES;
				INFOPLIST_KEY_UILaunchStoryboardName = LaunchScreen;
				INFOPLIST_KEY_UIMainStoryboardFile = Main;
				INFOPLIST_KEY_UISupportedInterfaceOrientations_iPad = "UIInterfaceOrientationPortrait UIInterfaceOrientationPortraitUpsideDown UIInterfaceOrientationLandscapeLeft UIInterfaceOrientationLandscapeRight";
				INFOPLIST_KEY_UISupportedInterfaceOrientations_iPhone = "UIInterfaceOrientationPortrait UIInterfaceOrientationLandscapeLeft UIInterfaceOrientationLandscapeRight";
				LD_RUNPATH_SEARCH_PATHS = (
					"$(inherited)",
					"@executable_path/Frameworks",
				);
				MARKETING_VERSION = 1.0;
				PRODUCT_BUNDLE_IDENTIFIER = webmob.emailpasslogin;
				PRODUCT_NAME = "$(TARGET_NAME)";
				SWIFT_EMIT_LOC_STRINGS = YES;
				SWIFT_VERSION = 5.0;
				TARGETED_DEVICE_FAMILY = 1;
			};
			name = Debug;
		};
		9DC250392805AE42008EDFDD /* Release */ = {
			isa = XCBuildConfiguration;
			baseConfigurationReference = 404F90E570DDA6E81FDFDB24 /* Pods-emailpasslogin.release.xcconfig */;
			buildSettings = {
				ASSETCATALOG_COMPILER_APPICON_NAME = AppIcon;
				ASSETCATALOG_COMPILER_GLOBAL_ACCENT_COLOR_NAME = AccentColor;
				CODE_SIGN_STYLE = Automatic;
				CURRENT_PROJECT_VERSION = 1;
				DEVELOPMENT_TEAM = 95X8D63F3T;
				GENERATE_INFOPLIST_FILE = YES;
				INFOPLIST_FILE = emailpasslogin/Info.plist;
				INFOPLIST_KEY_UIApplicationSupportsIndirectInputEvents = YES;
				INFOPLIST_KEY_UILaunchStoryboardName = LaunchScreen;
				INFOPLIST_KEY_UIMainStoryboardFile = Main;
				INFOPLIST_KEY_UISupportedInterfaceOrientations_iPad = "UIInterfaceOrientationPortrait UIInterfaceOrientationPortraitUpsideDown UIInterfaceOrientationLandscapeLeft UIInterfaceOrientationLandscapeRight";
				INFOPLIST_KEY_UISupportedInterfaceOrientations_iPhone = "UIInterfaceOrientationPortrait UIInterfaceOrientationLandscapeLeft UIInterfaceOrientationLandscapeRight";
				LD_RUNPATH_SEARCH_PATHS = (
					"$(inherited)",
					"@executable_path/Frameworks",
				);
				MARKETING_VERSION = 1.0;
				PRODUCT_BUNDLE_IDENTIFIER = webmob.emailpasslogin;
				PRODUCT_NAME = "$(TARGET_NAME)";
				SWIFT_EMIT_LOC_STRINGS = YES;
				SWIFT_VERSION = 5.0;
				TARGETED_DEVICE_FAMILY = 1;
			};
			name = Release;
		};
/* End XCBuildConfiguration section */

/* Begin XCConfigurationList section */
		9DC2501E2805AE40008EDFDD /* Build configuration list for PBXProject "emailpasslogin" */ = {
			isa = XCConfigurationList;
			buildConfigurations = (
				9DC250352805AE42008EDFDD /* Debug */,
				9DC250362805AE42008EDFDD /* Release */,
			);
			defaultConfigurationIsVisible = 0;
			defaultConfigurationName = Release;
		};
		9DC250372805AE42008EDFDD /* Build configuration list for PBXNativeTarget "emailpasslogin" */ = {
			isa = XCConfigurationList;
			buildConfigurations = (
				9DC250382805AE42008EDFDD /* Debug */,
				9DC250392805AE42008EDFDD /* Release */,
			);
			defaultConfigurationIsVisible = 0;
			defaultConfigurationName = Release;
		};
/* End XCConfigurationList section */
	};
	rootObject = 9DC2501B2805AE40008EDFDD /* Project object */;
}
